
Microsoft Visual Studio Solution File, Format Version 12.00
# Visual Studio Version 16
VisualStudioVersion = 16.0.30907.101
MinimumVisualStudioVersion = 10.0.40219.1
Project("{8BC9CEB8-8B4A-11D0-8D11-00A0C91BC942}") = "test1", "test1\test1.vcxproj", "{37C7F283-6D6E-4EA6-B5A2-DA5DDCB0E87B}"
EndProject
Global
	GlobalSection(SolutionConfigurationPlatforms) = preSolution
		Debug|x64 = Debug|x64
		Debug|x86 = Debug|x86
		Release|x64 = Release|x64
		Release|x86 = Release|x86
	EndGlobalSection
	GlobalSection(ProjectConfigurationPlatforms) = postSolution
		{37C7F283-6D6E-4EA6-B5A2-DA5DDCB0E87B}.Debug|x64.ActiveCfg = Debug|x64
		{37C7F283-6D6E-4EA6-B5A2-DA5DDCB0E87B}.Debug|x64.Build.0 = Debug|x64
		{37C7F283-6D6E-4EA6-B5A2-DA5DDCB0E87B}.Debug|x86.ActiveCfg = Debug|Win32
		{37C7F283-6D6E-4EA6-B5A2-DA5DDCB0E87B}.Debug|x86.Build.0 = Debug|Win32
		{37C7F283-6D6E-4EA6-B5A2-DA5DDCB0E87B}.Release|x64.ActiveCfg = Release|x64
		{37C7F283-6D6E-4EA6-B5A2-DA5DDCB0E87B}.Release|x64.Build.0 = Release|x64
		{37C7F283-6D6E-4EA6-B5A2-DA5DDCB0E87B}.Release|x86.ActiveCfg = Release|Win32
		{37C7F283-6D6E-4EA6-B5A2-DA5DDCB0E87B}.Release|x86.Build.0 = Release|Win32
	EndGlobalSection
	GlobalSection(SolutionProperties) = preSolution
		HideSolutionNode = FALSE
	EndGlobalSection
	GlobalSection(ExtensibilityGlobals) = postSolution
		SolutionGuid = {65BEED63-D3B2-469F-A3D4-4ED092E1BC01}
	EndGlobalSection
EndGlobal
